// !$*UTF8*$!
{
	archiveVersion = 1;
	classes = {
	};
	objectVersion = 56;
	objects = {

/* Begin PBXBuildFile section */
		181DF4902DFD7D3400D91560 /* ViewExtension.swift in Sources */ = {isa = PBXBuildFile; fileRef = 181DF48F2DFD7D3400D91560 /* ViewExtension.swift */; };
		181DF4962DFF0A1300D91560 /* UsersView.swift in Sources */ = {isa = PBXBuildFile; fileRef = 181DF4952DFF0A1300D91560 /* UsersView.swift */; };
		181DF4992DFF1CCD00D91560 /* UserCardView.swift in Sources */ = {isa = PBXBuildFile; fileRef = 181DF4982DFF1CCD00D91560 /* UserCardView.swift */; };
		181DF49B2DFF4EE900D91560 /* UsersViewModel.swift in Sources */ = {isa = PBXBuildFile; fileRef = 181DF49A2DFF4EE900D91560 /* UsersViewModel.swift */; };
		181DF49F2E0012FA00D91560 /* HttpClient.swift in Sources */ = {isa = PBXBuildFile; fileRef = 181DF49E2E0012FA00D91560 /* HttpClient.swift */; };
		18305B0B2E1AC39500A2E8FE /* NetworkMonitor.swift in Sources */ = {isa = PBXBuildFile; fileRef = 18305B0A2E1AC39400A2E8FE /* NetworkMonitor.swift */; };
		187CC5EB2E2F0D8900EFE76A /* App-Info.plist in Resources */ = {isa = PBXBuildFile; fileRef = 187CC5EA2E2F0D8900EFE76A /* App-Info.plist */; };
		18AE292D2E116BED00E3EDA8 /* ApiResponse.swift in Sources */ = {isa = PBXBuildFile; fileRef = 18AE292C2E116BED00E3EDA8 /* ApiResponse.swift */; };
		18AE292F2E11832400E3EDA8 /* SignUpSuccessView.swift in Sources */ = {isa = PBXBuildFile; fileRef = 18AE292E2E11832400E3EDA8 /* SignUpSuccessView.swift */; };
		18AE29312E119B4900E3EDA8 /* SignUpFailedView.swift in Sources */ = {isa = PBXBuildFile; fileRef = 18AE29302E119B4900E3EDA8 /* SignUpFailedView.swift */; };
		18AE29332E11E8C600E3EDA8 /* ButtonView.swift in Sources */ = {isa = PBXBuildFile; fileRef = 18AE29322E11E8C600E3EDA8 /* ButtonView.swift */; };
		18AE297C2E16AB3600E3EDA8 /* UsersEmptyView.swift in Sources */ = {isa = PBXBuildFile; fileRef = 18AE297A2E16AB3600E3EDA8 /* UsersEmptyView.swift */; };
		18E19D772E041813004D6824 /* SignUpView.swift in Sources */ = {isa = PBXBuildFile; fileRef = 18E19D762E041813004D6824 /* SignUpView.swift */; };
		18E19D7C2E042174004D6824 /* HeaderView.swift in Sources */ = {isa = PBXBuildFile; fileRef = 18E19D7B2E042174004D6824 /* HeaderView.swift */; };
		18E19D7F2E043120004D6824 /* NavigationShellView.swift in Sources */ = {isa = PBXBuildFile; fileRef = 18E19D7E2E043120004D6824 /* NavigationShellView.swift */; };
		18E19D812E05D661004D6824 /* ToolbarButtonView.swift in Sources */ = {isa = PBXBuildFile; fileRef = 18E19D802E05D661004D6824 /* ToolbarButtonView.swift */; };
		18E19D832E05DA00004D6824 /* SignupViewModel.swift in Sources */ = {isa = PBXBuildFile; fileRef = 18E19D822E05DA00004D6824 /* SignupViewModel.swift */; };
		18E19DE62E09DC87004D6824 /* PhotoPicker.swift in Sources */ = {isa = PBXBuildFile; fileRef = 18E19DE52E09DC87004D6824 /* PhotoPicker.swift */; };
		18E19DE92E09F8E5004D6824 /* KeychainSwift in Frameworks */ = {isa = PBXBuildFile; productRef = 18E19DE82E09F8E5004D6824 /* KeychainSwift */; };
		18ECD8D42DF9E829003F7A5D /* ABZUsersApp.swift in Sources */ = {isa = PBXBuildFile; fileRef = 18ECD8D32DF9E829003F7A5D /* ABZUsersApp.swift */; };
		18ECD8D82DF9E82C003F7A5D /* Assets.xcassets in Resources */ = {isa = PBXBuildFile; fileRef = 18ECD8D72DF9E82C003F7A5D /* Assets.xcassets */; };
		18ECD8DB2DF9E82C003F7A5D /* Preview Assets.xcassets in Resources */ = {isa = PBXBuildFile; fileRef = 18ECD8DA2DF9E82C003F7A5D /* Preview Assets.xcassets */; };
		18ECD8E42DF9F1A6003F7A5D /* LaunchView.swift in Sources */ = {isa = PBXBuildFile; fileRef = 18ECD8E32DF9F1A6003F7A5D /* LaunchView.swift */; };
		18ECD8E82DFA235A003F7A5D /* NoConnectionView.swift in Sources */ = {isa = PBXBuildFile; fileRef = 18ECD8E72DFA235A003F7A5D /* NoConnectionView.swift */; };
		18ECD8EA2DFA3279003F7A5D /* LaunchViewModel.swift in Sources */ = {isa = PBXBuildFile; fileRef = 18ECD8E92DFA3279003F7A5D /* LaunchViewModel.swift */; };
/* End PBXBuildFile section */

/* Begin PBXFileReference section */
		181DF48F2DFD7D3400D91560 /* ViewExtension.swift */ = {isa = PBXFileReference; lastKnownFileType = sourcecode.swift; path = ViewExtension.swift; sourceTree = "<group>"; };
		181DF4952DFF0A1300D91560 /* UsersView.swift */ = {isa = PBXFileReference; lastKnownFileType = sourcecode.swift; path = UsersView.swift; sourceTree = "<group>"; };
		181DF4982DFF1CCD00D91560 /* UserCardView.swift */ = {isa = PBXFileReference; lastKnownFileType = sourcecode.swift; path = UserCardView.swift; sourceTree = "<group>"; };
		181DF49A2DFF4EE900D91560 /* UsersViewModel.swift */ = {isa = PBXFileReference; lastKnownFileType = sourcecode.swift; path = UsersViewModel.swift; sourceTree = "<group>"; };
		181DF49E2E0012FA00D91560 /* HttpClient.swift */ = {isa = PBXFileReference; lastKnownFileType = sourcecode.swift; path = HttpClient.swift; sourceTree = "<group>"; };
		18305B0A2E1AC39400A2E8FE /* NetworkMonitor.swift */ = {isa = PBXFileReference; lastKnownFileType = sourcecode.swift; path = NetworkMonitor.swift; sourceTree = "<group>"; };
		187CC5EA2E2F0D8900EFE76A /* App-Info.plist */ = {isa = PBXFileReference; lastKnownFileType = text.plist.xml; path = "App-Info.plist"; sourceTree = "<group>"; };
		18AE292C2E116BED00E3EDA8 /* ApiResponse.swift */ = {isa = PBXFileReference; lastKnownFileType = sourcecode.swift; path = ApiResponse.swift; sourceTree = "<group>"; };
		18AE292E2E11832400E3EDA8 /* SignUpSuccessView.swift */ = {isa = PBXFileReference; lastKnownFileType = sourcecode.swift; path = SignUpSuccessView.swift; sourceTree = "<group>"; };
		18AE29302E119B4900E3EDA8 /* SignUpFailedView.swift */ = {isa = PBXFileReference; lastKnownFileType = sourcecode.swift; path = SignUpFailedView.swift; sourceTree = "<group>"; };
		18AE29322E11E8C600E3EDA8 /* ButtonView.swift */ = {isa = PBXFileReference; lastKnownFileType = sourcecode.swift; path = ButtonView.swift; sourceTree = "<group>"; };
		18AE297A2E16AB3600E3EDA8 /* UsersEmptyView.swift */ = {isa = PBXFileReference; fileEncoding = 4; lastKnownFileType = sourcecode.swift; path = UsersEmptyView.swift; sourceTree = "<group>"; };
		18E19D762E041813004D6824 /* SignUpView.swift */ = {isa = PBXFileReference; lastKnownFileType = sourcecode.swift; path = SignUpView.swift; sourceTree = "<group>"; };
		18E19D7B2E042174004D6824 /* HeaderView.swift */ = {isa = PBXFileReference; lastKnownFileType = sourcecode.swift; path = HeaderView.swift; sourceTree = "<group>"; };
		18E19D7E2E043120004D6824 /* NavigationShellView.swift */ = {isa = PBXFileReference; lastKnownFileType = sourcecode.swift; path = NavigationShellView.swift; sourceTree = "<group>"; };
		18E19D802E05D661004D6824 /* ToolbarButtonView.swift */ = {isa = PBXFileReference; lastKnownFileType = sourcecode.swift; path = ToolbarButtonView.swift; sourceTree = "<group>"; };
		18E19D822E05DA00004D6824 /* SignupViewModel.swift */ = {isa = PBXFileReference; lastKnownFileType = sourcecode.swift; path = SignupViewModel.swift; sourceTree = "<group>"; };
		18E19DE52E09DC87004D6824 /* PhotoPicker.swift */ = {isa = PBXFileReference; lastKnownFileType = sourcecode.swift; path = PhotoPicker.swift; sourceTree = "<group>"; };
		18ECD8D02DF9E829003F7A5D /* ABZUsers.app */ = {isa = PBXFileReference; explicitFileType = wrapper.application; includeInIndex = 0; path = ABZUsers.app; sourceTree = BUILT_PRODUCTS_DIR; };
		18ECD8D32DF9E829003F7A5D /* ABZUsersApp.swift */ = {isa = PBXFileReference; lastKnownFileType = sourcecode.swift; path = ABZUsersApp.swift; sourceTree = "<group>"; };
		18ECD8D72DF9E82C003F7A5D /* Assets.xcassets */ = {isa = PBXFileReference; lastKnownFileType = folder.assetcatalog; path = Assets.xcassets; sourceTree = "<group>"; };
		18ECD8DA2DF9E82C003F7A5D /* Preview Assets.xcassets */ = {isa = PBXFileReference; lastKnownFileType = folder.assetcatalog; path = "Preview Assets.xcassets"; sourceTree = "<group>"; };
		18ECD8E32DF9F1A6003F7A5D /* LaunchView.swift */ = {isa = PBXFileReference; lastKnownFileType = sourcecode.swift; path = LaunchView.swift; sourceTree = "<group>"; };
		18ECD8E72DFA235A003F7A5D /* NoConnectionView.swift */ = {isa = PBXFileReference; lastKnownFileType = sourcecode.swift; path = NoConnectionView.swift; sourceTree = "<group>"; };
		18ECD8E92DFA3279003F7A5D /* LaunchViewModel.swift */ = {isa = PBXFileReference; lastKnownFileType = sourcecode.swift; path = LaunchViewModel.swift; sourceTree = "<group>"; };
/* End PBXFileReference section */

/* Begin PBXFrameworksBuildPhase section */
		18ECD8CD2DF9E829003F7A5D /* Frameworks */ = {
			isa = PBXFrameworksBuildPhase;
			buildActionMask = 2147483647;
			files = (
				18E19DE92E09F8E5004D6824 /* KeychainSwift in Frameworks */,
			);
			runOnlyForDeploymentPostprocessing = 0;
		};
/* End PBXFrameworksBuildPhase section */

/* Begin PBXGroup section */
		181DF48E2DFD7D0100D91560 /* Extensions */ = {
			isa = PBXGroup;
			children = (
				181DF48F2DFD7D3400D91560 /* ViewExtension.swift */,
			);
			path = Extensions;
			sourceTree = "<group>";
		};
		181DF4942DFF094C00D91560 /* UsersView */ = {
			isa = PBXGroup;
			children = (
				181DF4972DFF1CAC00D91560 /* Cell */,
				181DF4952DFF0A1300D91560 /* UsersView.swift */,
				181DF49A2DFF4EE900D91560 /* UsersViewModel.swift */,
			);
			path = UsersView;
			sourceTree = "<group>";
		};
		181DF4972DFF1CAC00D91560 /* Cell */ = {
			isa = PBXGroup;
			children = (
				181DF4982DFF1CCD00D91560 /* UserCardView.swift */,
			);
			path = Cell;
			sourceTree = "<group>";
		};
		181DF49C2E0012BB00D91560 /* Utilities */ = {
			isa = PBXGroup;
			children = (
				181DF48E2DFD7D0100D91560 /* Extensions */,
				181DF49D2E0012C400D91560 /* Network */,
				18E19DE42E09DC53004D6824 /* PhotoPicker */,
			);
			path = Utilities;
			sourceTree = "<group>";
		};
		181DF49D2E0012C400D91560 /* Network */ = {
			isa = PBXGroup;
			children = (
				18AE292C2E116BED00E3EDA8 /* ApiResponse.swift */,
				181DF49E2E0012FA00D91560 /* HttpClient.swift */,
				18305B0A2E1AC39400A2E8FE /* NetworkMonitor.swift */,
			);
			path = Network;
			sourceTree = "<group>";
		};
		18AE297B2E16AB3600E3EDA8 /* UsersEmptyView */ = {
			isa = PBXGroup;
			children = (
				18AE297A2E16AB3600E3EDA8 /* UsersEmptyView.swift */,
			);
			path = UsersEmptyView;
			sourceTree = "<group>";
		};
		18E19D732E0417BE004D6824 /* SignUpView */ = {
			isa = PBXGroup;
			children = (
				18E19D762E041813004D6824 /* SignUpView.swift */,
				18AE292E2E11832400E3EDA8 /* SignUpSuccessView.swift */,
				18AE29302E119B4900E3EDA8 /* SignUpFailedView.swift */,
				18E19D822E05DA00004D6824 /* SignupViewModel.swift */,
			);
			path = SignUpView;
			sourceTree = "<group>";
		};
		18E19D782E0420E8004D6824 /* Shared Views */ = {
			isa = PBXGroup;
			children = (
				18AE29322E11E8C600E3EDA8 /* ButtonView.swift */,
				18E19D7B2E042174004D6824 /* HeaderView.swift */,
				18E19D802E05D661004D6824 /* ToolbarButtonView.swift */,
			);
			path = "Shared Views";
			sourceTree = "<group>";
		};
		18E19D7D2E0430FE004D6824 /* NavigationView */ = {
			isa = PBXGroup;
			children = (
				18E19D7E2E043120004D6824 /* NavigationShellView.swift */,
			);
			path = NavigationView;
			sourceTree = "<group>";
		};
		18E19DE42E09DC53004D6824 /* PhotoPicker */ = {
			isa = PBXGroup;
			children = (
				18E19DE52E09DC87004D6824 /* PhotoPicker.swift */,
			);
			path = PhotoPicker;
			sourceTree = "<group>";
		};
		18ECD8C72DF9E829003F7A5D = {
			isa = PBXGroup;
			children = (
				18ECD8D22DF9E829003F7A5D /* ABZUsers */,
				18ECD8D12DF9E829003F7A5D /* Products */,
			);
			sourceTree = "<group>";
		};
		18ECD8D12DF9E829003F7A5D /* Products */ = {
			isa = PBXGroup;
			children = (
				18ECD8D02DF9E829003F7A5D /* ABZUsers.app */,
			);
			name = Products;
			sourceTree = "<group>";
		};
		18ECD8D22DF9E829003F7A5D /* ABZUsers */ = {
			isa = PBXGroup;
			children = (
				181DF49C2E0012BB00D91560 /* Utilities */,
				18ECD8E12DF9F18B003F7A5D /* Views */,
				18ECD8D32DF9E829003F7A5D /* ABZUsersApp.swift */,
				187CC5EA2E2F0D8900EFE76A /* App-Info.plist */,
				18ECD8D72DF9E82C003F7A5D /* Assets.xcassets */,
				18ECD8D92DF9E82C003F7A5D /* Preview Content */,
			);
			path = ABZUsers;
			sourceTree = "<group>";
		};
		18ECD8D92DF9E82C003F7A5D /* Preview Content */ = {
			isa = PBXGroup;
			children = (
				18ECD8DA2DF9E82C003F7A5D /* Preview Assets.xcassets */,
			);
			path = "Preview Content";
			sourceTree = "<group>";
		};
		18ECD8E12DF9F18B003F7A5D /* Views */ = {
			isa = PBXGroup;
			children = (
				18E19D7D2E0430FE004D6824 /* NavigationView */,
				18ECD8E22DF9F193003F7A5D /* LaunchView */,
				18ECD8E62DFA2313003F7A5D /* NoConnectionView */,
				18E19D782E0420E8004D6824 /* Shared Views */,
				18E19D732E0417BE004D6824 /* SignUpView */,
				18AE297B2E16AB3600E3EDA8 /* UsersEmptyView */,
				181DF4942DFF094C00D91560 /* UsersView */,
			);
			path = Views;
			sourceTree = "<group>";
		};
		18ECD8E22DF9F193003F7A5D /* LaunchView */ = {
			isa = PBXGroup;
			children = (
				18ECD8E32DF9F1A6003F7A5D /* LaunchView.swift */,
				18ECD8E92DFA3279003F7A5D /* LaunchViewModel.swift */,
			);
			path = LaunchView;
			sourceTree = "<group>";
		};
		18ECD8E62DFA2313003F7A5D /* NoConnectionView */ = {
			isa = PBXGroup;
			children = (
				18ECD8E72DFA235A003F7A5D /* NoConnectionView.swift */,
			);
			path = NoConnectionView;
			sourceTree = "<group>";
		};
/* End PBXGroup section */

/* Begin PBXNativeTarget section */
		18ECD8CF2DF9E829003F7A5D /* ABZUsers */ = {
			isa = PBXNativeTarget;
			buildConfigurationList = 18ECD8DE2DF9E82C003F7A5D /* Build configuration list for PBXNativeTarget "ABZUsers" */;
			buildPhases = (
				18ECD8CC2DF9E829003F7A5D /* Sources */,
				18ECD8CD2DF9E829003F7A5D /* Frameworks */,
				18ECD8CE2DF9E829003F7A5D /* Resources */,
			);
			buildRules = (
			);
			dependencies = (
			);
			name = ABZUsers;
			packageProductDependencies = (
				18E19DE82E09F8E5004D6824 /* KeychainSwift */,
			);
			productName = ABZUsers;
			productReference = 18ECD8D02DF9E829003F7A5D /* ABZUsers.app */;
			productType = "com.apple.product-type.application";
		};
/* End PBXNativeTarget section */

/* Begin PBXProject section */
		18ECD8C82DF9E829003F7A5D /* Project object */ = {
			isa = PBXProject;
			attributes = {
				BuildIndependentTargetsInParallel = 1;
				LastSwiftUpdateCheck = 1530;
				LastUpgradeCheck = 1530;
				TargetAttributes = {
					18ECD8CF2DF9E829003F7A5D = {
						CreatedOnToolsVersion = 15.3;
					};
				};
			};
			buildConfigurationList = 18ECD8CB2DF9E829003F7A5D /* Build configuration list for PBXProject "ABZUsers" */;
			compatibilityVersion = "Xcode 14.0";
			developmentRegion = en;
			hasScannedForEncodings = 0;
			knownRegions = (
				en,
				Base,
			);
			mainGroup = 18ECD8C72DF9E829003F7A5D;
			packageReferences = (
				18E19DE72E09F8E5004D6824 /* XCRemoteSwiftPackageReference "keychain-swift" */,
			);
			productRefGroup = 18ECD8D12DF9E829003F7A5D /* Products */;
			projectDirPath = "";
			projectRoot = "";
			targets = (
				18ECD8CF2DF9E829003F7A5D /* ABZUsers */,
			);
		};
/* End PBXProject section */

/* Begin PBXResourcesBuildPhase section */
		18ECD8CE2DF9E829003F7A5D /* Resources */ = {
			isa = PBXResourcesBuildPhase;
			buildActionMask = 2147483647;
			files = (
				18ECD8DB2DF9E82C003F7A5D /* Preview Assets.xcassets in Resources */,
				18ECD8D82DF9E82C003F7A5D /* Assets.xcassets in Resources */,
				187CC5EB2E2F0D8900EFE76A /* App-Info.plist in Resources */,
			);
			runOnlyForDeploymentPostprocessing = 0;
		};
/* End PBXResourcesBuildPhase section */

/* Begin PBXSourcesBuildPhase section */
		18ECD8CC2DF9E829003F7A5D /* Sources */ = {
			isa = PBXSourcesBuildPhase;
			buildActionMask = 2147483647;
			files = (
				18E19D7F2E043120004D6824 /* NavigationShellView.swift in Sources */,
				181DF49F2E0012FA00D91560 /* HttpClient.swift in Sources */,
				18AE29332E11E8C600E3EDA8 /* ButtonView.swift in Sources */,
				18AE292F2E11832400E3EDA8 /* SignUpSuccessView.swift in Sources */,
				18ECD8E82DFA235A003F7A5D /* NoConnectionView.swift in Sources */,
				181DF4992DFF1CCD00D91560 /* UserCardView.swift in Sources */,
				18E19DE62E09DC87004D6824 /* PhotoPicker.swift in Sources */,
				18ECD8E42DF9F1A6003F7A5D /* LaunchView.swift in Sources */,
				18ECD8D42DF9E829003F7A5D /* ABZUsersApp.swift in Sources */,
				18AE29312E119B4900E3EDA8 /* SignUpFailedView.swift in Sources */,
				18E19D832E05DA00004D6824 /* SignupViewModel.swift in Sources */,
				18E19D772E041813004D6824 /* SignUpView.swift in Sources */,
				18AE292D2E116BED00E3EDA8 /* ApiResponse.swift in Sources */,
				18305B0B2E1AC39500A2E8FE /* NetworkMonitor.swift in Sources */,
				18ECD8EA2DFA3279003F7A5D /* LaunchViewModel.swift in Sources */,
				181DF4962DFF0A1300D91560 /* UsersView.swift in Sources */,
				181DF49B2DFF4EE900D91560 /* UsersViewModel.swift in Sources */,
				18E19D812E05D661004D6824 /* ToolbarButtonView.swift in Sources */,
				18AE297C2E16AB3600E3EDA8 /* UsersEmptyView.swift in Sources */,
				181DF4902DFD7D3400D91560 /* ViewExtension.swift in Sources */,
				18E19D7C2E042174004D6824 /* HeaderView.swift in Sources */,
			);
			runOnlyForDeploymentPostprocessing = 0;
		};
/* End PBXSourcesBuildPhase section */

/* Begin XCBuildConfiguration section */
		18ECD8DC2DF9E82C003F7A5D /* Debug */ = {
			isa = XCBuildConfiguration;
			buildSettings = {
				ALWAYS_SEARCH_USER_PATHS = NO;
				ASSETCATALOG_COMPILER_GENERATE_SWIFT_ASSET_SYMBOL_EXTENSIONS = YES;
				CLANG_ANALYZER_NONNULL = YES;
				CLANG_ANALYZER_NUMBER_OBJECT_CONVERSION = YES_AGGRESSIVE;
				CLANG_CXX_LANGUAGE_STANDARD = "gnu++20";
				CLANG_ENABLE_MODULES = YES;
				CLANG_ENABLE_OBJC_ARC = YES;
				CLANG_ENABLE_OBJC_WEAK = YES;
				CLANG_WARN_BLOCK_CAPTURE_AUTORELEASING = YES;
				CLANG_WARN_BOOL_CONVERSION = YES;
				CLANG_WARN_COMMA = YES;
				CLANG_WARN_CONSTANT_CONVERSION = YES;
				CLANG_WARN_DEPRECATED_OBJC_IMPLEMENTATIONS = YES;
				CLANG_WARN_DIRECT_OBJC_ISA_USAGE = YES_ERROR;
				CLANG_WARN_DOCUMENTATION_COMMENTS = YES;
				CLANG_WARN_EMPTY_BODY = YES;
				CLANG_WARN_ENUM_CONVERSION = YES;
				CLANG_WARN_INFINITE_RECURSION = YES;
				CLANG_WARN_INT_CONVERSION = YES;
				CLANG_WARN_NON_LITERAL_NULL_CONVERSION = YES;
				CLANG_WARN_OBJC_IMPLICIT_RETAIN_SELF = YES;
				CLANG_WARN_OBJC_LITERAL_CONVERSION = YES;
				CLANG_WARN_OBJC_ROOT_CLASS = YES_ERROR;
				CLANG_WARN_QUOTED_INCLUDE_IN_FRAMEWORK_HEADER = YES;
				CLANG_WARN_RANGE_LOOP_ANALYSIS = YES;
				CLANG_WARN_STRICT_PROTOTYPES = YES;
				CLANG_WARN_SUSPICIOUS_MOVE = YES;
				CLANG_WARN_UNGUARDED_AVAILABILITY = YES_AGGRESSIVE;
				CLANG_WARN_UNREACHABLE_CODE = YES;
				CLANG_WARN__DUPLICATE_METHOD_MATCH = YES;
				COPY_PHASE_STRIP = NO;
				DEBUG_INFORMATION_FORMAT = dwarf;
				ENABLE_STRICT_OBJC_MSGSEND = YES;
				ENABLE_TESTABILITY = YES;
				ENABLE_USER_SCRIPT_SANDBOXING = YES;
				GCC_C_LANGUAGE_STANDARD = gnu17;
				GCC_DYNAMIC_NO_PIC = NO;
				GCC_NO_COMMON_BLOCKS = YES;
				GCC_OPTIMIZATION_LEVEL = 0;
				GCC_PREPROCESSOR_DEFINITIONS = (
					"DEBUG=1",
					"$(inherited)",
				);
				GCC_WARN_64_TO_32_BIT_CONVERSION = YES;
				GCC_WARN_ABOUT_RETURN_TYPE = YES_ERROR;
				GCC_WARN_UNDECLARED_SELECTOR = YES;
				GCC_WARN_UNINITIALIZED_AUTOS = YES_AGGRESSIVE;
				GCC_WARN_UNUSED_FUNCTION = YES;
				GCC_WARN_UNUSED_VARIABLE = YES;
				IPHONEOS_DEPLOYMENT_TARGET = 17.4;
				LOCALIZATION_PREFERS_STRING_CATALOGS = YES;
				MTL_ENABLE_DEBUG_INFO = INCLUDE_SOURCE;
				MTL_FAST_MATH = YES;
				ONLY_ACTIVE_ARCH = YES;
				SDKROOT = iphoneos;
				SWIFT_ACTIVE_COMPILATION_CONDITIONS = "DEBUG $(inherited)";
				SWIFT_OPTIMIZATION_LEVEL = "-Onone";
			};
			name = Debug;
		};
		18ECD8DD2DF9E82C003F7A5D /* Release */ = {
			isa = XCBuildConfiguration;
			buildSettings = {
				ALWAYS_SEARCH_USER_PATHS = NO;
				ASSETCATALOG_COMPILER_GENERATE_SWIFT_ASSET_SYMBOL_EXTENSIONS = YES;
				CLANG_ANALYZER_NONNULL = YES;
				CLANG_ANALYZER_NUMBER_OBJECT_CONVERSION = YES_AGGRESSIVE;
				CLANG_CXX_LANGUAGE_STANDARD = "gnu++20";
				CLANG_ENABLE_MODULES = YES;
				CLANG_ENABLE_OBJC_ARC = YES;
				CLANG_ENABLE_OBJC_WEAK = YES;
				CLANG_WARN_BLOCK_CAPTURE_AUTORELEASING = YES;
				CLANG_WARN_BOOL_CONVERSION = YES;
				CLANG_WARN_COMMA = YES;
				CLANG_WARN_CONSTANT_CONVERSION = YES;
				CLANG_WARN_DEPRECATED_OBJC_IMPLEMENTATIONS = YES;
				CLANG_WARN_DIRECT_OBJC_ISA_USAGE = YES_ERROR;
				CLANG_WARN_DOCUMENTATION_COMMENTS = YES;
				CLANG_WARN_EMPTY_BODY = YES;
				CLANG_WARN_ENUM_CONVERSION = YES;
				CLANG_WARN_INFINITE_RECURSION = YES;
				CLANG_WARN_INT_CONVERSION = YES;
				CLANG_WARN_NON_LITERAL_NULL_CONVERSION = YES;
				CLANG_WARN_OBJC_IMPLICIT_RETAIN_SELF = YES;
				CLANG_WARN_OBJC_LITERAL_CONVERSION = YES;
				CLANG_WARN_OBJC_ROOT_CLASS = YES_ERROR;
				CLANG_WARN_QUOTED_INCLUDE_IN_FRAMEWORK_HEADER = YES;
				CLANG_WARN_RANGE_LOOP_ANALYSIS = YES;
				CLANG_WARN_STRICT_PROTOTYPES = YES;
				CLANG_WARN_SUSPICIOUS_MOVE = YES;
				CLANG_WARN_UNGUARDED_AVAILABILITY = YES_AGGRESSIVE;
				CLANG_WARN_UNREACHABLE_CODE = YES;
				CLANG_WARN__DUPLICATE_METHOD_MATCH = YES;
				COPY_PHASE_STRIP = NO;
				DEBUG_INFORMATION_FORMAT = "dwarf-with-dsym";
				ENABLE_NS_ASSERTIONS = NO;
				ENABLE_STRICT_OBJC_MSGSEND = YES;
				ENABLE_USER_SCRIPT_SANDBOXING = YES;
				GCC_C_LANGUAGE_STANDARD = gnu17;
				GCC_NO_COMMON_BLOCKS = YES;
				GCC_WARN_64_TO_32_BIT_CONVERSION = YES;
				GCC_WARN_ABOUT_RETURN_TYPE = YES_ERROR;
				GCC_WARN_UNDECLARED_SELECTOR = YES;
				GCC_WARN_UNINITIALIZED_AUTOS = YES_AGGRESSIVE;
				GCC_WARN_UNUSED_FUNCTION = YES;
				GCC_WARN_UNUSED_VARIABLE = YES;
				IPHONEOS_DEPLOYMENT_TARGET = 17.4;
				LOCALIZATION_PREFERS_STRING_CATALOGS = YES;
				MTL_ENABLE_DEBUG_INFO = NO;
				MTL_FAST_MATH = YES;
				SDKROOT = iphoneos;
				SWIFT_COMPILATION_MODE = wholemodule;
				VALIDATE_PRODUCT = YES;
			};
			name = Release;
		};
		18ECD8DF2DF9E82C003F7A5D /* Debug */ = {
			isa = XCBuildConfiguration;
			buildSettings = {
				ASSETCATALOG_COMPILER_APPICON_NAME = AppIcon;
				ASSETCATALOG_COMPILER_GLOBAL_ACCENT_COLOR_NAME = AccentColor;
				CODE_SIGN_STYLE = Automatic;
				CURRENT_PROJECT_VERSION = 1;
				DEVELOPMENT_ASSET_PATHS = "\"ABZUsers/Preview Content\"";
				DEVELOPMENT_TEAM = 7ZTJE9M8X9;
				ENABLE_PREVIEWS = YES;
				GENERATE_INFOPLIST_FILE = YES;
				INFOPLIST_FILE = "ABZUsers/App-Info.plist";
				INFOPLIST_KEY_UIApplicationSceneManifest_Generation = YES;
				INFOPLIST_KEY_UIApplicationSupportsIndirectInputEvents = YES;
				INFOPLIST_KEY_UILaunchScreen_Generation = YES;
				INFOPLIST_KEY_UISupportedInterfaceOrientations_iPad = "UIInterfaceOrientationPortrait UIInterfaceOrientationPortraitUpsideDown UIInterfaceOrientationLandscapeLeft UIInterfaceOrientationLandscapeRight";
				INFOPLIST_KEY_UISupportedInterfaceOrientations_iPhone = "UIInterfaceOrientationPortrait UIInterfaceOrientationLandscapeLeft UIInterfaceOrientationLandscapeRight";
				IPHONEOS_DEPLOYMENT_TARGET = 16.6;
				LD_RUNPATH_SEARCH_PATHS = (
					"$(inherited)",
					"@executable_path/Frameworks",
				);
				MARKETING_VERSION = 1.0;
				PRODUCT_BUNDLE_IDENTIFIER = com.product.app.ABZUsers;
				PRODUCT_NAME = "$(TARGET_NAME)";
				SWIFT_EMIT_LOC_STRINGS = YES;
				SWIFT_VERSION = 5.0;
				TARGETED_DEVICE_FAMILY = "1,2";
			};
			name = Debug;
		};
		18ECD8E02DF9E82C003F7A5D /* Release */ = {
			isa = XCBuildConfiguration;
			buildSettings = {
				ASSETCATALOG_COMPILER_APPICON_NAME = AppIcon;
				ASSETCATALOG_COMPILER_GLOBAL_ACCENT_COLOR_NAME = AccentColor;
				CODE_SIGN_STYLE = Automatic;
				CURRENT_PROJECT_VERSION = 1;
				DEVELOPMENT_ASSET_PATHS = "\"ABZUsers/Preview Content\"";
				DEVELOPMENT_TEAM = 7ZTJE9M8X9;
				ENABLE_PREVIEWS = YES;
				GENERATE_INFOPLIST_FILE = YES;
				INFOPLIST_FILE = "ABZUsers/App-Info.plist";
				INFOPLIST_KEY_UIApplicationSceneManifest_Generation = YES;
				INFOPLIST_KEY_UIApplicationSupportsIndirectInputEvents = YES;
				INFOPLIST_KEY_UILaunchScreen_Generation = YES;
				INFOPLIST_KEY_UISupportedInterfaceOrientations_iPad = "UIInterfaceOrientationPortrait UIInterfaceOrientationPortraitUpsideDown UIInterfaceOrientationLandscapeLeft UIInterfaceOrientationLandscapeRight";
				INFOPLIST_KEY_UISupportedInterfaceOrientations_iPhone = "UIInterfaceOrientationPortrait UIInterfaceOrientationLandscapeLeft UIInterfaceOrientationLandscapeRight";
				IPHONEOS_DEPLOYMENT_TARGET = 16.6;
				LD_RUNPATH_SEARCH_PATHS = (
					"$(inherited)",
					"@executable_path/Frameworks",
				);
				MARKETING_VERSION = 1.0;
				PRODUCT_BUNDLE_IDENTIFIER = com.product.app.ABZUsers;
				PRODUCT_NAME = "$(TARGET_NAME)";
				SWIFT_EMIT_LOC_STRINGS = YES;
				SWIFT_VERSION = 5.0;
				TARGETED_DEVICE_FAMILY = "1,2";
			};
			name = Release;
		};
/* End XCBuildConfiguration section */

/* Begin XCConfigurationList section */
		18ECD8CB2DF9E829003F7A5D /* Build configuration list for PBXProject "ABZUsers" */ = {
			isa = XCConfigurationList;
			buildConfigurations = (
				18ECD8DC2DF9E82C003F7A5D /* Debug */,
				18ECD8DD2DF9E82C003F7A5D /* Release */,
			);
			defaultConfigurationIsVisible = 0;
			defaultConfigurationName = Release;
		};
		18ECD8DE2DF9E82C003F7A5D /* Build configuration list for PBXNativeTarget "ABZUsers" */ = {
			isa = XCConfigurationList;
			buildConfigurations = (
				18ECD8DF2DF9E82C003F7A5D /* Debug */,
				18ECD8E02DF9E82C003F7A5D /* Release */,
			);
			defaultConfigurationIsVisible = 0;
			defaultConfigurationName = Release;
		};
/* End XCConfigurationList section */

/* Begin XCRemoteSwiftPackageReference section */
		18E19DE72E09F8E5004D6824 /* XCRemoteSwiftPackageReference "keychain-swift" */ = {
			isa = XCRemoteSwiftPackageReference;
			repositoryURL = "https://github.com/evgenyneu/keychain-swift";
			requirement = {
				kind = upToNextMajorVersion;
				minimumVersion = 24.0.0;
			};
		};
/* End XCRemoteSwiftPackageReference section */

/* Begin XCSwiftPackageProductDependency section */
		18E19DE82E09F8E5004D6824 /* KeychainSwift */ = {
			isa = XCSwiftPackageProductDependency;
			package = 18E19DE72E09F8E5004D6824 /* XCRemoteSwiftPackageReference "keychain-swift" */;
			productName = KeychainSwift;
		};
/* End XCSwiftPackageProductDependency section */
	};
	rootObject = 18ECD8C82DF9E829003F7A5D /* Project object */;
}
